
Microsoft Visual Studio Solution File, Format Version 12.00
# Visual Studio 15
VisualStudioVersion = 15.0.28307.168
MinimumVisualStudioVersion = 10.0.40219.1
Project("{9A19103F-16F7-4668-BE54-9A1E7A4F7556}") = "NUnitTestProject1", "NUnitTestProject1\NUnitTestProject1.csproj", "{EB73F1DC-9F41-46E1-BBA5-931F57ECD4A1}"
EndProject
Project("{9A19103F-16F7-4668-BE54-9A1E7A4F7556}") = "XUnitTestProject1", "XUnitTestProject1\XUnitTestProject1.csproj", "{0732D97A-2452-4A53-901D-114CC3AD147B}"
EndProject
Global
	GlobalSection(SolutionConfigurationPlatforms) = preSolution
		Debug|Any CPU = Debug|Any CPU
		Release|Any CPU = Release|Any CPU
	EndGlobalSection
	GlobalSection(ProjectConfigurationPlatforms) = postSolution
		{EB73F1DC-9F41-46E1-BBA5-931F57ECD4A1}.Debug|Any CPU.ActiveCfg = Debug|Any CPU
		{EB73F1DC-9F41-46E1-BBA5-931F57ECD4A1}.Debug|Any CPU.Build.0 = Debug|Any CPU
		{EB73F1DC-9F41-46E1-BBA5-931F57ECD4A1}.Release|Any CPU.ActiveCfg = Release|Any CPU
		{EB73F1DC-9F41-46E1-BBA5-931F57ECD4A1}.Release|Any CPU.Build.0 = Release|Any CPU
		{0732D97A-2452-4A53-901D-114CC3AD147B}.Debug|Any CPU.ActiveCfg = Debug|Any CPU
		{0732D97A-2452-4A53-901D-114CC3AD147B}.Debug|Any CPU.Build.0 = Debug|Any CPU
		{0732D97A-2452-4A53-901D-114CC3AD147B}.Release|Any CPU.ActiveCfg = Release|Any CPU
		{0732D97A-2452-4A53-901D-114CC3AD147B}.Release|Any CPU.Build.0 = Release|Any CPU
	EndGlobalSection
	GlobalSection(SolutionProperties) = preSolution
		HideSolutionNode = FALSE
	EndGlobalSection
	GlobalSection(ExtensibilityGlobals) = postSolution
		SolutionGuid = {A03CDDFB-5DFA-4162-9F50-F4DB9C64B59F}
	EndGlobalSection
EndGlobal
